
Microsoft Visual Studio Solution File, Format Version 12.00
# Visual Studio Version 17
VisualStudioVersion = 17.12.35527.113
MinimumVisualStudioVersion = 10.0.40219.1
Project("{FAE04EC0-301F-11D3-BF4B-00C04F79EFBC}") = "Whisko.Server", "EXE101_Whisko\Whisko.Server.csproj", "{5D9217CC-2B0A-4EAD-9A05-A7E7D24145FE}"
EndProject
Global
	GlobalSection(SolutionConfigurationPlatforms) = preSolution
		Debug|Any CPU = Debug|Any CPU
		Release|Any CPU = Release|Any CPU
	EndGlobalSection
	GlobalSection(ProjectConfigurationPlatforms) = postSolution
		{5D9217CC-2B0A-4EAD-9A05-A7E7D24145FE}.Debug|Any CPU.ActiveCfg = Debug|Any CPU
		{5D9217CC-2B0A-4EAD-9A05-A7E7D24145FE}.Debug|Any CPU.Build.0 = Debug|Any CPU
		{5D9217CC-2B0A-4EAD-9A05-A7E7D24145FE}.Release|Any CPU.ActiveCfg = Release|Any CPU
		{5D9217CC-2B0A-4EAD-9A05-A7E7D24145FE}.Release|Any CPU.Build.0 = Release|Any CPU
	EndGlobalSection
	GlobalSection(SolutionProperties) = preSolution
		HideSolutionNode = FALSE
	EndGlobalSection
EndGlobal
